{
  "name": "sysdj-vercel-backend",
  "version": "1.0.0",
  "lockfileVersion": 3,
  "requires": true,
  "packages": {
    "": {
      "name": "sysdj-vercel-backend",
      "version": "1.0.0",
      "dependencies": {
        "axios": "^1.6.5",
        "mongodb": "^6.3.0"
      },
      "engines": {
        "node": ">=18.0.0"
      }
    },
    "node_modules/@mongodb-js/saslprep": {
      "version": "1.1.7",
      "resolved": "https://registry.npmjs.org/@mongodb-js/saslprep/-/saslprep-1.1.7.tgz",
      "integrity": "sha512-dCHW/oEX0PdZkJeOgRs3gg2MWM5S47ESw8JHT1/TUOQNb5VNJGhOxdjf6EcBMgVaWnsFYcOanV9VPbxdyIn3Q==",
      "engines": {
        "node": ">=16.20.1"
      },
      "dependencies": {
        "tslib": "^2.6.2"
      }
    },
    "node_modules/axios": {
      "version": "1.6.7",
      "resolved": "https://registry.npmjs.org/axios/-/axios-1.6.7.tgz",
      "integrity": "sha512-/hDJGffAP/cKGJ7L57ECbs2G0Dvf5NXN3dIh3Z7nbzd8d6A5MD4hjg8o9OYvrIyvuYkjk/uD6D4bQmX2T0TxhQ==",
      "dependencies": {
        "follow-redirects": "^1.15.5",
        "form-data": "^4.0.0",
        "proxy-from-env": "^1.1.0"
      }
    },
    "node_modules/bson": {
      "version": "6.3.0",
      "resolved": "https://registry.npmjs.org/bson/-/bson-6.3.0.tgz",
      "integrity": "sha512-+qLK91IGPDFAKU6Ybqym8NAUjS+ZTO1uLbMxUqsoIdWv+yV8j5p3VCiODtPbEa3s7S11V9nqWq8R8fQNbpIa2A==",
      "engines": {
        "node": ">=16.20.1"
      }
    },
    "node_modules/combined-stream": {
      "version": "1.0.8",
      "resolved": "https://registry.npmjs.org/combined-stream/-/combined-stream-1.0.8.tgz",
      "integrity": "sha512-FQN4MRfuJeHf7cBbBMJFXhKSDq+2kAArBlmRBvcvFE5BB1HZKXtSFASDhdlz9zOYwxh8lDdnvmMOe/+5cdoEdg==",
      "engines": {
        "node": ">= 0.8"
      },
      "dependencies": {
        "delayed-stream": "~1.0.0"
      }
    },
    "node_modules/delayed-stream": {
      "version": "1.0.0",
      "resolved": "https://registry.npmjs.org/delayed-stream/-/delayed-stream-1.0.0.tgz",
      "integrity": "sha512-ZySD7Nf91aLB0RxL4KGrKHBXl7Eds1DAmEdcoVawXnLD7SDhpNgtuII2aAkg7a7QS41jxPSZ17p4VdGnMHk3MQ==",
      "engines": {
        "node": ">=0.4.0"
      }
    },
    "node_modules/follow-redirects": {
      "version": "1.15.5",
      "resolved": "https://registry.npmjs.org/follow-redirects/-/follow-redirects-1.15.5.tgz",
      "integrity": "sha512-vSFWUON1B+yAw1VN4xMfxgn5fTUiaOzAJCKBwIIgT/+7CuGy9+r+5gITvP62j3RmaD5Ph65UaERdOSRGUzZtgw==",
      "engines": {
        "node": ">=4.0"
      }
    },
    "node_modules/form-data": {
      "version": "4.0.0",
      "resolved": "https://registry.npmjs.org/form-data/-/form-data-4.0.0.tgz",
      "integrity": "sha512-ETEklSGi5t0QMZuiXoA/Q6vcnxcLQP5vdugSpuAyi6SVGi2clPPp+xgEhuMaHC+zGgn31Kd235W35f7Hykkaww==",
      "engines": {
        "node": ">= 6"
      },
      "dependencies": {
        "asynckit": "^0.4.0",
        "combined-stream": "^1.0.8",
        "mime-types": "^2.1.12"
      }
    },
    "node_modules/ip": {
      "version": "2.0.0",
      "resolved": "https://registry.npmjs.org/ip/-/ip-2.0.0.tgz",
      "integrity": "sha512-WKa+5U1KZeJaf6bIFiO4V1WQcWUe2VjDqEhRhL2uGpR3zDjjAPs4bF5+m5Nbm5NhRpGo3f6LpY2G9LNA0U2A=="
    },
    "node_modules/mongodb": {
      "version": "6.3.0",
      "resolved": "https://registry.npmjs.org/mongodb/-/mongodb-6.3.0.tgz",
      "integrity": "sha512-tk17bL5fV2Gl+BAYsmnmsKPceVVV2UrGBqHRIS9ceKg+srG98A7pwxPSsKpnPDCNrJZ4t8+vQY3+WdPHz2+8A==",
      "engines": {
        "node": ">=16.20.1"
      },
      "dependencies": {
        "@mongodb-js/saslprep": "^1.1.0",
        "bson": "^6.3.0",
        "mongodb-connection-string-url": "^3.0.0",
        "socks": "^2.7.3"
      }
    },
    "node_modules/mongodb-connection-string-url": {
      "version": "3.0.1",
      "resolved": "https://registry.npmjs.org/mongodb-connection-string-url/-/mongodb-connection-string-url-3.0.1.tgz",
      "integrity": "sha512-XqMGwRX0Lgn05TDB4PyG2h2kKO/FfWJyCzYQbIhVKUWX4xGxeE+yOAiZbLdO+oM1IL/ze261zrhQgM0WIa4jA==",
      "dependencies": {
        "@types/whatwg-url": "^11.0.2",
        "whatwg-url": "^13.0.0"
      }
    },
    "node_modules/socks": {
      "version": "2.7.3",
      "resolved": "https://registry.npmjs.org/socks/-/socks-2.7.3.tgz",
      "integrity": "sha512-vfuYK48HXCTFD03G/1/zkIls3Ebr2JCsFc9W9BkTwuPTtNwkzVDfJiIwmJSQgVNyTG0d9iJ4q+zrL4StUfaF9kg==",
      "engines": {
        "node": ">= 10.13.0"
      },
      "dependencies": {
        "ip": "^2.0.0",
        "smart-buffer": "^4.2.0"
      }
    },
    "node_modules/smart-buffer": {
      "version": "4.2.0",
      "resolved": "https://registry.npmjs.org/smart-buffer/-/smart-buffer-4.2.0.tgz",
      "integrity": "sha512-94hK0Hh8rPqQl2xXc3HsaBoOXKV20MToPkcXvwbISWLEs+64sBq5kFgn2kJDHb1Pry9yrP0dxrCI9RRci7RXKg=="
    },
    "node_modules/tslib": {
      "version": "2.6.2",
      "resolved": "https://registry.npmjs.org/tslib/-/tslib-2.6.2.tgz",
      "integrity": "sha512-AEYxH93jGFPn/a2iVAwW87VuUIkR1FVUKB77NwMF7nBTDkDrrT/Hpt/IrCJ0QXhW27jTBDcf5ZY7w6RiqTMw2Q=="
    }
  }
}